cloud.google.com/go v0.34.0/go.mod h1:aQUYkXzVsufM+DwF1aE+0xfcU+56JwCaLick0ClmMTw=
github.com/BurntSushi/toml v0.3.1/go.mod h1:xHWCNGjB5oqiDr8zfno3MHue2Ht5sIBksp03qcyfWMU=
github.com/aws/aws-lambda-go v1.11.1 h1:wuOnhS5aqzPOWns71FO35PtbtBKHr4MYsPVt5qXLSfI=
github.com/aws/aws-lambda-go v1.11.1/go.mod h1:Rr2SMTLeSMKgD45uep9V/NP8tnbCcySgu04cx0k/6cw=
github.com/aws/aws-lambda-go v1.12.0 h1:CgKAMdFIWExd4U6c9DUE+ax8N0fsmkYirqcfmReRCeo=
github.com/aws/aws-lambda-go v1.12.0/go.mod h1:050MeYvnG0NozqUw+ljHH9x0SwxeBnbxHVhcjn9nJFA=
github.com/aws/aws-lambda-go v1.12.1 h1:rMToYOcPFYDixQ7VNNPg78LmiqPgWD5f8zdLL+EsDAk=
github.com/aws/aws-lambda-go v1.12.1/go.mod h1:z4ywteZ5WwbIEzG0tXizIAUlUwkTNNknX4upd5Z5XJM=
github.com/aws/aws-lambda-go v1.13.0 h1:yjvZBGAxmrVQnakZ6/SE2S6L7Iwyx4CkJEcCQCc7WtU=
github.com/aws/aws-lambda-go v1.13.0/go.mod h1:z4ywteZ5WwbIEzG0tXizIAUlUwkTNNknX4upd5Z5XJM=
github.com/aws/aws-lambda-go v1.13.1 h1:qVIOD3UrEUo4amwgEBu6AI0CfnBsp71XJEYU05RbQ1k=
github.com/aws/aws-lambda-go v1.13.1/go.mod h1:z4ywteZ5WwbIEzG0tXizIAUlUwkTNNknX4upd5Z5XJM=
github.com/aws/aws-lambda-go v1.13.2 h1:8lYuRVn6rESoUNZXdbCmtGB4bBk4vcVYojiHjE4mMrM=
github.com/aws/aws-lambda-go v1.13.2/go.mod h1:4UKl9IzQMoD+QF79YdCuzCwp8VbmG4VAQwij/eHl5CU=
github.com/aws/aws-lambda-go v1.13.3 h1:SuCy7H3NLyp+1Mrfp+m80jcbi9KYWAs9/BXwppwRDzY=
github.com/aws/aws-lambda-go v1.13.3/go.mod h1:4UKl9IzQMoD+QF79YdCuzCwp8VbmG4VAQwij/eHl5CU=
github.com/aws/aws-sdk-go v1.20.20 h1:OAR/GtjMOhenkp1NNKr1N1FgIP3mQXHeGbRhvVIAQp0=
github.com/aws/aws-sdk-go v1.20.20/go.mod h1:KmX6BPdI08NWTb3/sm4ZGu5ShLoqVDhKgpiN924inxo=
github.com/aws/aws-sdk-go v1.21.1 h1:IOFDnCEDybcw4V8nbKqyyjBu+vpu7hFYSfZqNuogi7I=
github.com/aws/aws-sdk-go v1.21.1/go.mod h1:KmX6BPdI08NWTb3/sm4ZGu5ShLoqVDhKgpiN924inxo=
github.com/aws/aws-sdk-go v1.21.6 h1:3GuIm55Uls52aQIDGBnSEZbk073jpasfQyeM5eZU61Q=
github.com/aws/aws-sdk-go v1.21.6/go.mod h1:KmX6BPdI08NWTb3/sm4ZGu5ShLoqVDhKgpiN924inxo=
github.com/aws/aws-sdk-go v1.21.9 h1:+HXP97l4IbJvccwwNoweEknroEcX8QLwExcnc+Kxobg=
github.com/aws/aws-sdk-go v1.21.9/go.mod h1:KmX6BPdI08NWTb3/sm4ZGu5ShLoqVDhKgpiN924inxo=
github.com/aws/aws-sdk-go v1.22.3 h1:6hh+6uqguPNPLtnb6rYLJnonwixttKMbvZYWVUdms98=
github.com/aws/aws-sdk-go v1.22.3/go.mod h1:KmX6BPdI08NWTb3/sm4ZGu5ShLoqVDhKgpiN924inxo=
github.com/aws/aws-sdk-go v1.23.2 h1:QSdnxlC29v6b2+C6mkriHhElh02ZlsRBoPX15SOZ6jU=
github.com/aws/aws-sdk-go v1.23.2/go.mod h1:KmX6BPdI08NWTb3/sm4ZGu5ShLoqVDhKgpiN924inxo=
github.com/aws/aws-sdk-go v1.23.3 h1:Ty/4P6tOFJkDnKDrFJWnveznvESblf8QOheD1CwQPDU=
github.com/aws/aws-sdk-go v1.23.3/go.mod h1:KmX6BPdI08NWTb3/sm4ZGu5ShLoqVDhKgpiN924inxo=
github.com/aws/aws-sdk-go v1.23.8 h1:G/azJoBN0pnhB3B+0eeC4yyVFYIIad6bbzg6wwtImqk=
github.com/aws/aws-sdk-go v1.23.8/go.mod h1:KmX6BPdI08NWTb3/sm4ZGu5ShLoqVDhKgpiN924inxo=
github.com/aws/aws-sdk-go v1.23.13 h1:l/NG+mgQFRGG3dsFzEj0jw9JIs/zYdtU6MXhY1WIDmM=
github.com/aws/aws-sdk-go v1.23.13/go.mod h1:KmX6BPdI08NWTb3/sm4ZGu5ShLoqVDhKgpiN924inxo=
github.com/aws/aws-sdk-go v1.23.17 h1:IGNAvtR7ckMEHhy+ObG9xw6DFqEE4Ual0LYXsVTZSLQ=
github.com/aws/aws-sdk-go v1.23.17/go.mod h1:KmX6BPdI08NWTb3/sm4ZGu5ShLoqVDhKgpiN924inxo=
github.com/aws/aws-sdk-go v1.23.21 h1:eVJT2C99cAjZlBY8+CJovf6AwrSANzAcYNuxdCB+SPk=
github.com/aws/aws-sdk-go v1.23.21/go.mod h1:KmX6BPdI08NWTb3/sm4ZGu5ShLoqVDhKgpiN924inxo=
github.com/aws/aws-sdk-go v1.23.22 h1:6zwCJ9X8NMizf4wMEGQjqTUV+otsB+NwyJftt2Ua9Oo=
github.com/aws/aws-sdk-go v1.23.22/go.mod h1:KmX6BPdI08NWTb3/sm4ZGu5ShLoqVDhKgpiN924inxo=
github.com/aws/aws-sdk-go v1.24.0 h1:TtQCY3HaFXeo1yg2JAdfSbpN/Nsd9V5SCfDksEf2nSE=
github.com/aws/aws-sdk-go v1.24.0/go.mod h1:KmX6BPdI08NWTb3/sm4ZGu5ShLoqVDhKgpiN924inxo=
github.com/aws/aws-sdk-go v1.24.1 h1:B2NRyTV1/+h+Dg8Bh7vnuvW6QZz/NBL+uzgC2uILDMI=
github.com/aws/aws-sdk-go v1.24.1/go.mod h1:KmX6BPdI08NWTb3/sm4ZGu5ShLoqVDhKgpiN924inxo=
github.com/aws/aws-sdk-go v1.24.3 h1:113A33abx/cqv0ga94D8z9elza1YEm749ltJI67Uhq4=
github.com/aws/aws-sdk-go v1.24.3/go.mod h1:KmX6BPdI08NWTb3/sm4ZGu5ShLoqVDhKgpiN924inxo=
github.com/aws/aws-sdk-go v1.24.4 h1:te5/T3qKtk6gFQUvdOJukVYX2zIUBVpJJ2tYiF3qM/s=
github.com/aws/aws-sdk-go v1.24.4/go.mod h1:KmX6BPdI08NWTb3/sm4ZGu5ShLoqVDhKgpiN924inxo=
github.com/aws/aws-sdk-go v1.24.5 h1:dSJz1gwqww5GT5NQGjgCLo8ihzCOAvcSQsilsTED+fY=
github.com/aws/aws-sdk-go v1.24.5/go.mod h1:KmX6BPdI08NWTb3/sm4ZGu5ShLoqVDhKgpiN924inxo=
github.com/aws/aws-sdk-go v1.24.6 h1:QmBKT5yfcWuMz6+n53YFl6uiaTCSjhcEk1I5jIRU+uU=
github.com/aws/aws-sdk-go v1.24.6/go.mod h1:KmX6BPdI08NWTb3/sm4ZGu5ShLoqVDhKgpiN924inxo=
github.com/aws/aws-sdk-go v1.25.0 h1:MyXUdCesJLBvSSKYcaKeeEwxNUwUpG6/uqVYeH/Zzfo=
github.com/aws/aws-sdk-go v1.25.0/go.mod h1:KmX6BPdI08NWTb3/sm4ZGu5ShLoqVDhKgpiN924inxo=
github.com/aws/aws-sdk-go v1.25.1 h1:d7zDXFT2Tgq/yw7Wku49+lKisE8Xc85erb+8PlE/Shk=
github.com/aws/aws-sdk-go v1.25.1/go.mod h1:KmX6BPdI08NWTb3/sm4ZGu5ShLoqVDhKgpiN924inxo=
github.com/aws/aws-sdk-go v1.25.2 h1:y13oPwCkhayDvc1GyKCSUUWC2vIv1FOCqPc4nwPEXH0=
github.com/aws/aws-sdk-go v1.25.2/go.mod h1:KmX6BPdI08NWTb3/sm4ZGu5ShLoqVDhKgpiN924inxo=
github.com/aws/aws-sdk-go v1.25.3 h1:uM16hIw9BotjZKMZlX05SN2EFtaWfi/NonPKIARiBLQ=
github.com/aws/aws-sdk-go v1.25.3/go.mod h1:KmX6BPdI08NWTb3/sm4ZGu5ShLoqVDhKgpiN924inxo=
github.com/aws/aws-sdk-go v1.25.4 h1:exwxtR517g6OKm2rtAD5EANtjbzmnjEAco189zy/Uhc=
github.com/aws/aws-sdk-go v1.25.4/go.mod h1:KmX6BPdI08NWTb3/sm4ZGu5ShLoqVDhKgpiN924inxo=
github.com/aws/aws-sdk-go v1.25.5 h1:WwVCIC3w30B9YSSIIIbH/H1M6VchY55ba1IFVDKS4D8=
github.com/aws/aws-sdk-go v1.25.5/go.mod h1:KmX6BPdI08NWTb3/sm4ZGu5ShLoqVDhKgpiN924inxo=
github.com/aws/aws-sdk-go v1.25.6 h1:Rmg2pgKXoCfNe0KQb4LNSNmHqMdcgBjpMeXK9IjHWq8=
github.com/aws/aws-sdk-go v1.25.6/go.mod h1:KmX6BPdI08NWTb3/sm4ZGu5ShLoqVDhKgpiN924inxo=
github.com/aws/aws-sdk-go v1.25.7 h1:MRnnec09yF/nL/lfpMsYqHHyXUUt4P9LofFZA2D93PE=
github.com/aws/aws-sdk-go v1.25.7/go.mod h1:KmX6BPdI08NWTb3/sm4ZGu5ShLoqVDhKgpiN924inxo=
github.com/aws/aws-sdk-go v1.25.8 h1:n7I+HUUXjun2CsX7JK+1hpRIkZrlKhd3nayeb+Xmavs=
github.com/aws/aws-sdk-go v1.25.8/go.mod h1:KmX6BPdI08NWTb3/sm4ZGu5ShLoqVDhKgpiN924inxo=
github.com/aws/aws-sdk-go v1.25.9 h1:WtVzerf5wSgPwlTTwl+ktCq/0GCS5MI9ZlLIcjsTr+Q=
github.com/aws/aws-sdk-go v1.25.9/go.mod h1:KmX6BPdI08NWTb3/sm4ZGu5ShLoqVDhKgpiN924inxo=
github.com/aws/aws-sdk-go v1.25.10 h1:3epJfNmP6xWkOpLOdhIIj07+9UAJwvbzq8bBzyPigI4=
github.com/aws/aws-sdk-go v1.25.10/go.mod h1:KmX6BPdI08NWTb3/sm4ZGu5ShLoqVDhKgpiN924inxo=
github.com/aws/aws-sdk-go v1.25.11 h1:wUivbsVOH3LpHdC3Rl5i+FLHfg4sOmYgv4bvHe7+/Pg=
github.com/aws/aws-sdk-go v1.25.11/go.mod h1:KmX6BPdI08NWTb3/sm4ZGu5ShLoqVDhKgpiN924inxo=
github.com/aws/aws-sdk-go v1.25.12 h1:a4h2FxoUJq9h+hajSE/dsRiqoOniIh6BkzhxMjkepzY=
github.com/aws/aws-sdk-go v1.25.12/go.mod h1:KmX6BPdI08NWTb3/sm4ZGu5ShLoqVDhKgpiN924inxo=
github.com/aws/aws-sdk-go v1.25.13 h1:qc1PpYdVQXI4eH5Ou25LD3Mb68HAY+AUn7yG4cWlqj8=
github.com/aws/aws-sdk-go v1.25.13/go.mod h1:KmX6BPdI08NWTb3/sm4ZGu5ShLoqVDhKgpiN924inxo=
github.com/aws/aws-sdk-go v1.25.14 h1:hEsU+cukBOQe1wRRuvEgG+y6AVCyS2eyHWuTefhGxTY=
github.com/aws/aws-sdk-go v1.25.14/go.mod h1:KmX6BPdI08NWTb3/sm4ZGu5ShLoqVDhKgpiN924inxo=
github.com/aws/aws-sdk-go v1.25.15 h1:2XrAm3F7QuNguJXJ6SUJxywL1TPNDM3z/mNEaS0CHtk=
github.com/aws/aws-sdk-go v1.25.15/go.mod h1:KmX6BPdI08NWTb3/sm4ZGu5ShLoqVDhKgpiN924inxo=
github.com/aws/aws-sdk-go v1.25.16 h1:k7Fy6T/uNuLX6zuayU/TJoP7yMgGcJSkZpF7QVjwYpA=
github.com/aws/aws-sdk-go v1.25.16/go.mod h1:KmX6BPdI08NWTb3/sm4ZGu5ShLoqVDhKgpiN924inxo=
github.com/aws/aws-sdk-go v1.25.17 h1:qIyijzjkBhVzM2+vnsP53T2zoTHeoRRnfQR2kEkBStA=
github.com/aws/aws-sdk-go v1.25.17/go.mod h1:KmX6BPdI08NWTb3/sm4ZGu5ShLoqVDhKgpiN924inxo=
github.com/aws/aws-sdk-go v1.25.18 h1:fMEkpli4r+FS4xZRqjgjYHP+uKaSwfk2MOcDUpLYwIE=
github.com/aws/aws-sdk-go v1.25.18/go.mod h1:KmX6BPdI08NWTb3/sm4ZGu5ShLoqVDhKgpiN924inxo=
github.com/aws/aws-sdk-go v1.25.19 h1:sp3xP91qIAVhWufyn9qM6Zhhn6kX06WJQcmhRj7QTXc=
github.com/aws/aws-sdk-go v1.25.19/go.mod h1:KmX6BPdI08NWTb3/sm4ZGu5ShLoqVDhKgpiN924inxo=
github.com/aws/aws-sdk-go v1.25.20 h1:oetJZA4n5GJPgOuoTYVoDo5/EIBwTVkqpb7xPA1C2Mw=
github.com/aws/aws-sdk-go v1.25.20/go.mod h1:KmX6BPdI08NWTb3/sm4ZGu5ShLoqVDhKgpiN924inxo=
github.com/aws/aws-sdk-go v1.25.22 h1:DXcA0jjMnGt2awoWM2qwCu+ouGDB5FYnGxCVrRweE/0=
github.com/aws/aws-sdk-go v1.25.22/go.mod h1:KmX6BPdI08NWTb3/sm4ZGu5ShLoqVDhKgpiN924inxo=
github.com/aws/aws-sdk-go v1.25.23 h1:EJx1uSb8E/HRkDa02pOb0r/73bkDbds7qg74s57qYgs=
github.com/aws/aws-sdk-go v1.25.23/go.mod h1:KmX6BPdI08NWTb3/sm4ZGu5ShLoqVDhKgpiN924inxo=
github.com/aws/aws-sdk-go v1.25.24 h1:E8b33GQlfNuMumepuWhpSX+Mw71cEQK1BQaKzVBl3js=
github.com/aws/aws-sdk-go v1.25.24/go.mod h1:KmX6BPdI08NWTb3/sm4ZGu5ShLoqVDhKgpiN924inxo=
github.com/aws/aws-sdk-go v1.25.25 h1:j3HLOqcDWjNox1DyvJRs+kVQF42Ghtv6oL6cVBfXS3U=
github.com/aws/aws-sdk-go v1.25.25/go.mod h1:KmX6BPdI08NWTb3/sm4ZGu5ShLoqVDhKgpiN924inxo=
github.com/aws/aws-sdk-go v1.25.26 h1:hMrxW3feteaGcP32oKaFdCQsCEWYf9zF12g73C0AcbI=
github.com/aws/aws-sdk-go v1.25.26/go.mod h1:KmX6BPdI08NWTb3/sm4ZGu5ShLoqVDhKgpiN924inxo=
github.com/aws/aws-sdk-go v1.25.27 h1:UANmajXi1Vn7eZ9GgdDtkFjxDiaHY6tUixCiB6Bj128=
github.com/aws/aws-sdk-go v1.25.27/go.mod h1:KmX6BPdI08NWTb3/sm4ZGu5ShLoqVDhKgpiN924inxo=
github.com/aws/aws-sdk-go v1.25.28 h1:jt6CXGH1zUxk/pKUrfqSrcmVltbUCpJHmqjoif0Unfo=
github.com/aws/aws-sdk-go v1.25.28/go.mod h1:KmX6BPdI08NWTb3/sm4ZGu5ShLoqVDhKgpiN924inxo=
github.com/aws/aws-sdk-go v1.25.30 h1:I9qj6zW3mMfsg91e+GMSN/INcaX9tTFvr/l/BAHKaIY=
github.com/aws/aws-sdk-go v1.25.30/go.mod h1:KmX6BPdI08NWTb3/sm4ZGu5ShLoqVDhKgpiN924inxo=
github.com/aws/aws-sdk-go v1.25.31 h1:14mdh3HsTgRekePPkYcCbAaEXJknc3mN7f4XfsiMMDA=
github.com/aws/aws-sdk-go v1.25.31/go.mod h1:KmX6BPdI08NWTb3/sm4ZGu5ShLoqVDhKgpiN924inxo=
github.com/aws/aws-sdk-go v1.25.32 h1:GhqlDvuPXnlW46VoKvfLZkJj5IA6jGLO+/TUPCJSYOY=
github.com/aws/aws-sdk-go v1.25.32/go.mod h1:KmX6BPdI08NWTb3/sm4ZGu5ShLoqVDhKgpiN924inxo=
github.com/aws/aws-sdk-go v1.25.33 h1:8muvpP+Bq5e0CDkM9PDZ6tN74fVUq5v3zSCRaZ93ykM=
github.com/aws/aws-sdk-go v1.25.33/go.mod h1:KmX6BPdI08NWTb3/sm4ZGu5ShLoqVDhKgpiN924inxo=
github.com/aws/aws-sdk-go v1.25.34 h1:roL040qe1npx1ToFeXYHOGp/nOpLbcIQHKZ5UeDIyIM=
github.com/aws/aws-sdk-go v1.25.34/go.mod h1:KmX6BPdI08NWTb3/sm4ZGu5ShLoqVDhKgpiN924inxo=
github.com/aws/aws-sdk-go v1.25.35 h1:fe2tJnqty/v/50pyngKdNk/NP8PFphYDA1Z7N3EiiiE=
github.com/aws/aws-sdk-go v1.25.35/go.mod h1:KmX6BPdI08NWTb3/sm4ZGu5ShLoqVDhKgpiN924inxo=
github.com/aws/aws-sdk-go v1.25.36 h1:4+TL/Y2G5hsR1zdfHmjNG1ou1WEqsSWk8v7m1GaDKyo=
github.com/aws/aws-sdk-go v1.25.36/go.mod h1:KmX6BPdI08NWTb3/sm4ZGu5ShLoqVDhKgpiN924inxo=
github.com/aws/aws-sdk-go v1.25.37 h1:gBtB/F3dophWpsUQKN/Kni+JzYEH2mGHF4hWNtfED1w=
github.com/aws/aws-sdk-go v1.25.37/go.mod h1:KmX6BPdI08NWTb3/sm4ZGu5ShLoqVDhKgpiN924inxo=
github.com/aws/aws-sdk-go v1.25.38 h1:QfclT79PFWCyaPDq9+zTEWsOMDWFswTpP9i07YxqPf0=
github.com/aws/aws-sdk-go v1.25.38/go.mod h1:KmX6BPdI08NWTb3/sm4ZGu5ShLoqVDhKgpiN924inxo=
github.com/aws/aws-sdk-go v1.25.39 h1:1xxya3nsUaFlEZuoE5PWsIEd47RoDV/kkOGt0qEuwNw=
github.com/aws/aws-sdk-go v1.25.39/go.mod h1:KmX6BPdI08NWTb3/sm4ZGu5ShLoqVDhKgpiN924inxo=
github.com/aws/aws-sdk-go v1.25.41 h1:/hj7nZ0586wFqpwjNpzWiUTwtaMgxAZNZKHay80MdXw=
github.com/aws/aws-sdk-go v1.25.41/go.mod h1:KmX6BPdI08NWTb3/sm4ZGu5ShLoqVDhKgpiN924inxo=
github.com/aws/aws-sdk-go v1.25.43 h1:R5YqHQFIulYVfgRySz9hvBRTWBjudISa+r0C8XQ1ufg=
github.com/aws/aws-sdk-go v1.25.43/go.mod h1:KmX6BPdI08NWTb3/sm4ZGu5ShLoqVDhKgpiN924inxo=
github.com/aws/aws-sdk-go v1.25.44 h1:n9ahFoiyn66smjF34hYr3tb6/ZdBcLuFz7BCDhHyJ7I=
github.com/aws/aws-sdk-go v1.25.44/go.mod h1:KmX6BPdI08NWTb3/sm4ZGu5ShLoqVDhKgpiN924inxo=
github.com/aws/aws-sdk-go v1.25.46 h1:zqMOCy41L8t9Yfk2K/f59TkNdvJfvmzVCRxPrxnQ4FY=
github.com/aws/aws-sdk-go v1.25.46/go.mod h1:KmX6BPdI08NWTb3/sm4ZGu5ShLoqVDhKgpiN924inxo=
github.com/aws/aws-sdk-go v1.25.47 h1:Y13LHLosjP35FPWae95teJC4eQH2YeKD0I0dVFZ4CUM=
github.com/aws/aws-sdk-go v1.25.47/go.mod h1:KmX6BPdI08NWTb3/sm4ZGu5ShLoqVDhKgpiN924inxo=
github.com/aws/aws-sdk-go v1.25.48 h1:J82DYDGZHOKHdhx6hD24Tm30c2C3GchYGfN0mf9iKUk=
github.com/aws/aws-sdk-go v1.25.48/go.mod h1:KmX6BPdI08NWTb3/sm4ZGu5ShLoqVDhKgpiN924inxo=
github.com/aws/aws-sdk-go v1.25.49 h1:j5R2Ey+g8qaiy2NJ9iH+KWzDWS4SjXRCjhc22EeQVE4=
github.com/aws/aws-sdk-go v1.25.49/go.mod h1:KmX6BPdI08NWTb3/sm4ZGu5ShLoqVDhKgpiN924inxo=
github.com/aws/aws-sdk-go v1.25.50 h1:fTCp6qKnf1WLZGZtL0hh5PykCUaLZQBxlkTNG6fOK4I=
github.com/aws/aws-sdk-go v1.25.50/go.mod h1:KmX6BPdI08NWTb3/sm4ZGu5ShLoqVDhKgpiN924inxo=
github.com/aws/aws-sdk-go v1.26.0 h1:uddjCeunG1nroOMjcMO57g/vfwY7jJ1zYSEGmdeCeEs=
github.com/aws/aws-sdk-go v1.26.0/go.mod h1:KmX6BPdI08NWTb3/sm4ZGu5ShLoqVDhKgpiN924inxo=
github.com/aws/aws-sdk-go v1.26.1 h1:JGQggXhOiNJIqsmbYUl3cYtJZUffeOWlHtxfzGK7WPI=
github.com/aws/aws-sdk-go v1.26.1/go.mod h1:KmX6BPdI08NWTb3/sm4ZGu5ShLoqVDhKgpiN924inxo=
github.com/aws/aws-sdk-go v1.26.2 h1:MzYLmCeny4bMQcAbYcucIduVZKp0sEf1eRLvHpKI5Is=
github.com/aws/aws-sdk-go v1.26.2/go.mod h1:KmX6BPdI08NWTb3/sm4ZGu5ShLoqVDhKgpiN924inxo=
github.com/aws/aws-sdk-go v1.26.3 h1:szQdfJcUBAhQT0zZEx4sxoDuWb7iScoucxCiVxDmaBk=
github.com/aws/aws-sdk-go v1.26.3/go.mod h1:KmX6BPdI08NWTb3/sm4ZGu5ShLoqVDhKgpiN924inxo=
github.com/aws/aws-sdk-go v1.26.4 h1:vQ1XmULJriCx8QTmvtEl511rskbZeTkr0xq59ky3kfI=
github.com/aws/aws-sdk-go v1.26.4/go.mod h1:KmX6BPdI08NWTb3/sm4ZGu5ShLoqVDhKgpiN924inxo=
github.com/aws/aws-sdk-go v1.26.5 h1:mm59kTX51f/tU8Bas3zfwdJirxVdeQ+FRTWMoTdYN0M=
github.com/aws/aws-sdk-go v1.26.5/go.mod h1:KmX6BPdI08NWTb3/sm4ZGu5ShLoqVDhKgpiN924inxo=
github.com/aws/aws-sdk-go v1.26.6 h1:LinjO5+t9K/TyrZbSU1BaVJ5wIG3DlX5SffZ32Eg+kU=
github.com/aws/aws-sdk-go v1.26.6/go.mod h1:KmX6BPdI08NWTb3/sm4ZGu5ShLoqVDhKgpiN924inxo=
github.com/aws/aws-sdk-go v1.26.7 h1:ObjEnmzvSdYy8KVd3me7v/UMyCn81inLy2SyoIPoBkg=
github.com/aws/aws-sdk-go v1.26.7/go.mod h1:KmX6BPdI08NWTb3/sm4ZGu5ShLoqVDhKgpiN924inxo=
github.com/aws/aws-sdk-go v1.26.8 h1:W+MPuCFLSO/itZkZ5GFOui0YC1j3lZ507/m5DFPtzE4=
github.com/aws/aws-sdk-go v1.26.8/go.mod h1:KmX6BPdI08NWTb3/sm4ZGu5ShLoqVDhKgpiN924inxo=
github.com/aws/aws-sdk-go v1.27.0 h1:0xphMHGMLBrPMfxR2AmVjZKcMEESEgWF8Kru94BNByk=
github.com/aws/aws-sdk-go v1.27.0/go.mod h1:KmX6BPdI08NWTb3/sm4ZGu5ShLoqVDhKgpiN924inxo=
github.com/aws/aws-sdk-go v1.27.1 h1:MXnqY6SlWySaZAqNnXThOvjRFdiiOuKtC6i7baFdNdU=
github.com/aws/aws-sdk-go v1.27.1/go.mod h1:KmX6BPdI08NWTb3/sm4ZGu5ShLoqVDhKgpiN924inxo=
github.com/aws/aws-sdk-go v1.27.2 h1:yr0Lp4bcrIiP8x4JI9wPG+/t4hjdNJghmYJcKX4wh/g=
github.com/aws/aws-sdk-go v1.27.2/go.mod h1:KmX6BPdI08NWTb3/sm4ZGu5ShLoqVDhKgpiN924inxo=
github.com/aws/aws-sdk-go v1.27.3 h1:CBWC7Yot0U6OU/uosUmq7tKJVBTq6HrhgW1Vjpt9SMw=
github.com/aws/aws-sdk-go v1.27.3/go.mod h1:KmX6BPdI08NWTb3/sm4ZGu5ShLoqVDhKgpiN924inxo=
github.com/aws/aws-sdk-go v1.27.4 h1:pfzAQZn2B4OFFSG9YHGwfCANZICW6LGSRToP6fsWotI=
github.com/aws/aws-sdk-go v1.27.4/go.mod h1:KmX6BPdI08NWTb3/sm4ZGu5ShLoqVDhKgpiN924inxo=
github.com/aws/aws-sdk-go v1.28.0 h1:NkmnHFVEMTRYTleRLm5xUaL1mHKKkYQl4rCd+jzD58c=
github.com/aws/aws-sdk-go v1.28.0/go.mod h1:KmX6BPdI08NWTb3/sm4ZGu5ShLoqVDhKgpiN924inxo=
github.com/aws/aws-sdk-go v1.28.1 h1:aWBD5EJrmGFuHFn9ZdaHqWWZGZYQ5Gzb3j9G0RppLpY=
github.com/aws/aws-sdk-go v1.28.1/go.mod h1:KmX6BPdI08NWTb3/sm4ZGu5ShLoqVDhKgpiN924inxo=
github.com/aws/aws-sdk-go v1.28.2 h1:j5IXG9CdyLfcVfICqo1PXVv+rua+QQHbkXuvuU/JF+8=
github.com/aws/aws-sdk-go v1.28.2/go.mod h1:KmX6BPdI08NWTb3/sm4ZGu5ShLoqVDhKgpiN924inxo=
github.com/cpuguy83/go-md2man/v2 v2.0.0-20190314233015-f79a8a8ca69d/go.mod h1:maD7wRr/U5Z6m/iR4s+kqSMx2CaBsrgA7czyZG/E6dU=
github.com/davecgh/go-spew v1.1.0 h1:ZDRjVQ15GmhC3fiQ8ni8+OwkZQO4DARzQgrnXU1Liz8=
github.com/davecgh/go-spew v1.1.0/go.mod h1:J7Y8YcW2NihsgmVo/mv3lAwl/skON4iLHjSsI+c5H38=
github.com/davecgh/go-spew v1.1.1 h1:vj9j/u1bqnvCEfJOwUhtlOARqs3+rkHYY13jYWTU97c=
github.com/davecgh/go-spew v1.1.1/go.mod h1:J7Y8YcW2NihsgmVo/mv3lAwl/skON4iLHjSsI+c5H38=
github.com/golang/protobuf v1.2.0 h1:P3YflyNX/ehuJFLhxviNdFxQPkGK5cDcApsge1SqnvM=
github.com/golang/protobuf v1.2.0/go.mod h1:6lQm79b+lXiMfvg/cZm0SGofjICqVBUtrP5yJMmIC1U=
github.com/golang/protobuf v1.3.1 h1:YF8+flBXS5eO826T4nzqPrxfhQThhXl0YzfuUPu4SBg=
github.com/golang/protobuf v1.3.1/go.mod h1:6lQm79b+lXiMfvg/cZm0SGofjICqVBUtrP5yJMmIC1U=
github.com/google/go-querystring v1.0.0 h1:Xkwi/a1rcvNg1PPYe5vI8GbeBY/jrVuDX5ASuANWTrk=
github.com/google/go-querystring v1.0.0/go.mod h1:odCYkC5MyYFN7vkCjXpyrEuKhc/BUO6wN/zVPAxq5ck=
github.com/gorilla/websocket v1.2.0/go.mod h1:E7qHFY5m1UJ88s3WnNqhKjPHQ0heANvMoAMk2YaljkQ=
github.com/gorilla/websocket v1.4.0 h1:WDFjx/TMzVgy9VdMMQi2K2Emtwi2QcUQsztZ/zLaH/Q=
github.com/gorilla/websocket v1.4.0/go.mod h1:E7qHFY5m1UJ88s3WnNqhKjPHQ0heANvMoAMk2YaljkQ=
github.com/jarcoal/httpmock v1.0.4 h1:jp+dy/+nonJE4g4xbVtl9QdrUNbn6/3hDT5R4nDIZnA=
github.com/jarcoal/httpmock v1.0.4/go.mod h1:ATjnClrvW/3tijVmpL/va5Z3aAyGvqU3gCT8nX0Txik=
github.com/jmespath/go-jmespath v0.0.0-20180206201540-c2b33e8439af h1:pmfjZENx5imkbgOkpRUYLnmbU7UEFbjtDA2hxJ1ichM=
github.com/jmespath/go-jmespath v0.0.0-20180206201540-c2b33e8439af/go.mod h1:Nht3zPeWKUH0NzdCt2Blrr5ys8VGpn0CEB0cQHVjt7k=
github.com/lusis/go-slackbot v0.0.0-20180109053408-401027ccfef5 h1:AsEBgzv3DhuYHI/GiQh2HxvTP71HCCE9E/tzGUzGdtU=
github.com/lusis/go-slackbot v0.0.0-20180109053408-401027ccfef5/go.mod h1:c2mYKRyMb1BPkO5St0c/ps62L4S0W2NAkaTXj9qEI+0=
github.com/lusis/slack-test v0.0.0-20190426140909-c40012f20018 h1:MNApn+Z+fIT4NPZopPfCc1obT6aY3SVM6DOctz1A9ZU=
github.com/lusis/slack-test v0.0.0-20190426140909-c40012f20018/go.mod h1:sFlOUpQL1YcjhFVXhg1CG8ZASEs/Mf1oVb6H75JL/zg=
github.com/nlopes/slack v0.5.0 h1:NbIae8Kd0NpqaEI3iUrsuS0KbcEDhzhc939jLW5fNm0=
github.com/nlopes/slack v0.5.0/go.mod h1:jVI4BBK3lSktibKahxBF74txcK2vyvkza1z/+rRnVAM=
github.com/nlopes/slack v0.6.0 h1:jt0jxVQGhssx1Ib7naAOZEZcGdtIhTzkP0nopK0AsRA=
github.com/nlopes/slack v0.6.0/go.mod h1:JzQ9m3PMAqcpeCam7UaHSuBuupz7CmpjehYMayT6YOk=
github.com/pkg/errors v0.8.0/go.mod h1:bwawxfHBFNV+L2hUp1rHADufV3IMtnDRdf1r5NINEl0=
github.com/pkg/errors v0.8.1 h1:iURUrRGxPUNPdy5/HRSm+Yj6okJ6UtLINN0Q9M4+h3I=
github.com/pkg/errors v0.8.1/go.mod h1:bwawxfHBFNV+L2hUp1rHADufV3IMtnDRdf1r5NINEl0=
github.com/pmezard/go-difflib v1.0.0 h1:4DBwDE0NGyQoBHbLQYPwSUPoCMWR5BEzIk/f1lZbAQM=
github.com/pmezard/go-difflib v1.0.0/go.mod h1:iKH77koFhYxTK1pcRnkKkqfTogsbg7gZNVY4sRDYZ/4=
github.com/russross/blackfriday/v2 v2.0.1/go.mod h1:+Rmxgy9KzJVeS9/2gXHxylqXiyQDYRxCVz55jmeOWTM=
github.com/shurcooL/sanitized_anchor_name v1.0.0/go.mod h1:1NzhyTcUVG4SuEtjjoZeVRXNmyL/1OwPU0+IJeTBvfc=
github.com/stretchr/objx v0.1.0 h1:4G4v2dO3VZwixGIRoQ5Lfboy6nUhCyYzaqnIAPPhYs4=
github.com/stretchr/objx v0.1.0/go.mod h1:HFkY916IF+rwdDfMAkV7OtwuqBVzrE8GR6GFx+wExME=
github.com/stretchr/testify v1.2.1/go.mod h1:a8OnRcib4nhh0OaRAV+Yts87kKdq0PP7pXfy6kDkUVs=
github.com/stretchr/testify v1.2.2/go.mod h1:a8OnRcib4nhh0OaRAV+Yts87kKdq0PP7pXfy6kDkUVs=
github.com/stretchr/testify v1.3.0 h1:TivCn/peBQ7UY8ooIcPgZFpTNSz0Q2U6UrFlUfqbe0Q=
github.com/stretchr/testify v1.3.0/go.mod h1:M5WIy9Dh21IEIfnGCwXGc5bZfKNJtfHm1UVUgZn+9EI=
github.com/stretchr/testify v1.4.0 h1:2E4SXV/wtOkTonXsotYi4li6zVWxYlZuYNCXe9XRJyk=
github.com/stretchr/testify v1.4.0/go.mod h1:j7eGeouHqKxXV5pUuKE4zz7dFj8WfuZ+81PSLYec5m4=
github.com/urfave/cli v1.21.0/go.mod h1:lxDj6qX9Q6lWQxIrbrT0nwecwUtRnhVZAJjJZrVUZZQ=
github.com/urfave/cli v1.22.1/go.mod h1:Gos4lmkARVdJ6EkW0WaNv/tZAAMe9V7XWyB60NtXRu0=
github.com/xanzy/go-gitlab v0.19.0 h1:WHw/JqUiQ82itbuB4IDS4AgTy8RQ0CBrbfljq65pJCo=
github.com/xanzy/go-gitlab v0.19.0/go.mod h1:LSfUQ9OPDnwRqulJk2HcWaAiFfCzaknyeGvjQI67MbE=
github.com/xanzy/go-gitlab v0.20.0 h1:UE8uvZ8DAOeYTTVqwqUmwnUqeUVgXYk0Mbam6FvutrQ=
github.com/xanzy/go-gitlab v0.20.0/go.mod h1:LSfUQ9OPDnwRqulJk2HcWaAiFfCzaknyeGvjQI67MbE=
github.com/xanzy/go-gitlab v0.20.1 h1:+1BWDry84G5PzsnzG9DI4YjPbHeWKyouM0q0gfDPKgY=
github.com/xanzy/go-gitlab v0.20.1/go.mod h1:LSfUQ9OPDnwRqulJk2HcWaAiFfCzaknyeGvjQI67MbE=
github.com/xanzy/go-gitlab v0.21.0 h1:Ru55sR4TBoDNsAKwCOpzeaGtbiWj7xTksVmzBJbLu6c=
github.com/xanzy/go-gitlab v0.21.0/go.mod h1:t4Bmvnxj7k37S4Y17lfLx+nLqkf/oQwT2HagfWKv5Og=
github.com/xanzy/go-gitlab v0.22.0 h1:36pMeB8I6pOe/olay52wAizhlqSApo3b32z9GKx4Pic=
github.com/xanzy/go-gitlab v0.22.0/go.mod h1:t4Bmvnxj7k37S4Y17lfLx+nLqkf/oQwT2HagfWKv5Og=
github.com/xanzy/go-gitlab v0.22.1 h1:TVxgHmoa35jQL+9FCkG0nwPDxU9dQZXknBTDtGaSFno=
github.com/xanzy/go-gitlab v0.22.1/go.mod h1:t4Bmvnxj7k37S4Y17lfLx+nLqkf/oQwT2HagfWKv5Og=
github.com/xanzy/go-gitlab v0.22.2 h1:KYPewSm3Tl7WHrVON7BOwX6FZ1gaiFEdpOt0DNIYySA=
github.com/xanzy/go-gitlab v0.22.2/go.mod h1:t4Bmvnxj7k37S4Y17lfLx+nLqkf/oQwT2HagfWKv5Og=
github.com/xanzy/go-gitlab v0.22.3 h1:/rNlZ2hquUWNc6rJdntVM03tEOoTmnZ1lcNyJCl0WlU=
github.com/xanzy/go-gitlab v0.22.3/go.mod h1:t4Bmvnxj7k37S4Y17lfLx+nLqkf/oQwT2HagfWKv5Og=
golang.org/x/crypto v0.0.0-20190308221718-c2843e01d9a2/go.mod h1:djNgcEr1/C05ACkg1iLfiJU5Ep61QUkGW8qpdssI0+w=
golang.org/x/net v0.0.0-20180724234803-3673e40ba225/go.mod h1:mL1N/T3taQHkDXs73rZJwtUhF3w3ftmwwsq0BUmARs4=
golang.org/x/net v0.0.0-20181108082009-03003ca0c849 h1:FSqE2GGG7wzsYUsWiQ8MZrvEd1EOyU3NCF0AW3Wtltg=
golang.org/x/net v0.0.0-20181108082009-03003ca0c849/go.mod h1:mL1N/T3taQHkDXs73rZJwtUhF3w3ftmwwsq0BUmARs4=
golang.org/x/net v0.0.0-20190108225652-1e06a53dbb7e/go.mod h1:mL1N/T3taQHkDXs73rZJwtUhF3w3ftmwwsq0BUmARs4=
golang.org/x/net v0.0.0-20190603091049-60506f45cf65 h1:+rhAzEzT3f4JtomfC371qB+0Ola2caSKcY69NUBZrRQ=
golang.org/x/net v0.0.0-20190603091049-60506f45cf65/go.mod h1:HSz+uSET+XFnRR8LxR5pz3Of3rY3CfYBVs4xY44aLks=
golang.org/x/oauth2 v0.0.0-20181106182150-f42d05182288 h1:JIqe8uIcRBHXDQVvZtHwp80ai3Lw3IJAeJEs55Dc1W0=
golang.org/x/oauth2 v0.0.0-20181106182150-f42d05182288/go.mod h1:N/0e6XlmueqKjAGxoOufVs8QHGRruUQn6yWY3a++T0U=
golang.org/x/oauth2 v0.0.0-20190604053449-0f29369cfe45 h1:SVwTIAaPC2U/AvvLNZ2a7OVsmBpC8L5BlwK1whH3hm0=
golang.org/x/oauth2 v0.0.0-20190604053449-0f29369cfe45/go.mod h1:gOpvHmFTYa4IltrdGE7lF6nIHvwfUNPOp7c8zoXwtLw=
golang.org/x/sync v0.0.0-20181108010431-42b317875d0f h1:Bl/8QSvNqXvPGPGXa2z5xUTmV7VDcZyvRZ+QQXkXTZQ=
golang.org/x/sync v0.0.0-20181108010431-42b317875d0f/go.mod h1:RxMgew5VJxzue5/jJTE5uejpjVlOe/izrB70Jof72aM=
golang.org/x/sync v0.0.0-20181221193216-37e7f081c4d4 h1:YUO/7uOKsKeq9UokNS62b8FYywz3ker1l1vDZRCRefw=
golang.org/x/sync v0.0.0-20181221193216-37e7f081c4d4/go.mod h1:RxMgew5VJxzue5/jJTE5uejpjVlOe/izrB70Jof72aM=
golang.org/x/sys v0.0.0-20190215142949-d0b11bdaac8a/go.mod h1:STP8DvDyc/dI5b8T5hshtkjS+E42TnysNCUPdjciGhY=
golang.org/x/text v0.3.0 h1:g61tztE5qeGQ89tm6NTjjM9VPIm088od1l6aSorWRWg=
golang.org/x/text v0.3.0/go.mod h1:NqM8EUOU14njkJ3fqMW+pc6Ldnwhi/IjpwHt7yyuwOQ=
google.golang.org/appengine v1.3.0 h1:FBSsiFRMz3LBeXIomRnVzrQwSDj4ibvcRexLG0LZGQk=
google.golang.org/appengine v1.3.0/go.mod h1:xpcJRLb0r/rnEns0DIKYYv+WjYCduHsrkT7/EB5XEv4=
google.golang.org/appengine v1.4.0/go.mod h1:xpcJRLb0r/rnEns0DIKYYv+WjYCduHsrkT7/EB5XEv4=
google.golang.org/appengine v1.6.0 h1:Tfd7cKwKbFRsI8RMAD3oqqw7JPFRrvFlOsfbgVkjOOw=
google.golang.org/appengine v1.6.0/go.mod h1:xpcJRLb0r/rnEns0DIKYYv+WjYCduHsrkT7/EB5XEv4=
gopkg.in/check.v1 v0.0.0-20161208181325-20d25e280405/go.mod h1:Co6ibVJAznAaIkqp8huTwlJQCZ016jof/cbN4VW5Yz0=
gopkg.in/urfave/cli.v1 v1.20.0/go.mod h1:vuBzUtMdQeixQj8LVd+/98pzhxNGQoyuPBlsXHOQNO0=
gopkg.in/yaml.v2 v2.2.2 h1:ZCJp+EgiOT7lHqUV2J862kp8Qj64Jo6az82+3Td9dZw=
gopkg.in/yaml.v2 v2.2.2/go.mod h1:hI93XBmqTisBFMUTm0b8Fm+jr3Dg1NNxqwp+5A1VGuI=
